
Microsoft Visual Studio Solution File, Format Version 12.00
# Visual Studio 14
VisualStudioVersion = 14.0.25123.0
MinimumVisualStudioVersion = 10.0.40219.1
Project("{FAE04EC0-301F-11D3-BF4B-00C04F79EFBC}") = "NuGetter.Console", "NuGetter.Console\NuGetter.Console.csproj", "{9BC23A56-9B51-4F53-B1DB-4125D0624B80}"
EndProject
Project("{FAE04EC0-301F-11D3-BF4B-00C04F79EFBC}") = "NuGetter.Core", "NuGetter.Core\NuGetter.Core.csproj", "{3E0259BC-C98C-4AF3-9B39-BEA3CA8AAD0C}"
EndProject
Global
	GlobalSection(SolutionConfigurationPlatforms) = preSolution
		Debug|Any CPU = Debug|Any CPU
		Release|Any CPU = Release|Any CPU
	EndGlobalSection
	GlobalSection(ProjectConfigurationPlatforms) = postSolution
		{9BC23A56-9B51-4F53-B1DB-4125D0624B80}.Debug|Any CPU.ActiveCfg = Debug|Any CPU
		{9BC23A56-9B51-4F53-B1DB-4125D0624B80}.Debug|Any CPU.Build.0 = Debug|Any CPU
		{9BC23A56-9B51-4F53-B1DB-4125D0624B80}.Release|Any CPU.ActiveCfg = Release|Any CPU
		{9BC23A56-9B51-4F53-B1DB-4125D0624B80}.Release|Any CPU.Build.0 = Release|Any CPU
		{3E0259BC-C98C-4AF3-9B39-BEA3CA8AAD0C}.Debug|Any CPU.ActiveCfg = Debug|Any CPU
		{3E0259BC-C98C-4AF3-9B39-BEA3CA8AAD0C}.Debug|Any CPU.Build.0 = Debug|Any CPU
		{3E0259BC-C98C-4AF3-9B39-BEA3CA8AAD0C}.Release|Any CPU.ActiveCfg = Release|Any CPU
		{3E0259BC-C98C-4AF3-9B39-BEA3CA8AAD0C}.Release|Any CPU.Build.0 = Release|Any CPU
	EndGlobalSection
	GlobalSection(SolutionProperties) = preSolution
		HideSolutionNode = FALSE
	EndGlobalSection
EndGlobal
